
Microsoft Visual Studio Solution File, Format Version 12.00
# Visual Studio Version 17
VisualStudioVersion = 17.4.33213.308
MinimumVisualStudioVersion = 10.0.40219.1
Project("{FAE04EC0-301F-11D3-BF4B-00C04F79EFBC}") = "EntityFrameworkPractice", "EntityFrameworkPractice\EntityFrameworkPractice.csproj", "{FFAB9BFC-D0A3-434E-9780-7A83F697D8F8}"
EndProject
Global
	GlobalSection(SolutionConfigurationPlatforms) = preSolution
		Debug|Any CPU = Debug|Any CPU
		Release|Any CPU = Release|Any CPU
	EndGlobalSection
	GlobalSection(ProjectConfigurationPlatforms) = postSolution
		{FFAB9BFC-D0A3-434E-9780-7A83F697D8F8}.Debug|Any CPU.ActiveCfg = Debug|Any CPU
		{FFAB9BFC-D0A3-434E-9780-7A83F697D8F8}.Debug|Any CPU.Build.0 = Debug|Any CPU
		{FFAB9BFC-D0A3-434E-9780-7A83F697D8F8}.Release|Any CPU.ActiveCfg = Release|Any CPU
		{FFAB9BFC-D0A3-434E-9780-7A83F697D8F8}.Release|Any CPU.Build.0 = Release|Any CPU
	EndGlobalSection
	GlobalSection(SolutionProperties) = preSolution
		HideSolutionNode = FALSE
	EndGlobalSection
	GlobalSection(ExtensibilityGlobals) = postSolution
		SolutionGuid = {9ED79D4F-97E4-4E2D-92F4-BFD4DA503905}
	EndGlobalSection
EndGlobal
